
Microsoft Visual Studio Solution File, Format Version 12.00
# Visual Studio Version 16
VisualStudioVersion = 16.0.30611.23
MinimumVisualStudioVersion = 10.0.40219.1
Project("{FAE04EC0-301F-11D3-BF4B-00C04F79EFBC}") = "DataAccess", "DataAccessLayer_\DataAccess.csproj", "{2330344D-31B2-4D6F-AA9F-AED0F7EAE3BE}"
EndProject
Project("{FAE04EC0-301F-11D3-BF4B-00C04F79EFBC}") = "Controller", "ApplicationLogicLayer\Controller.csproj", "{47E08D8B-EF43-4DF8-BC1D-1DEB06E55E93}"
EndProject
Project("{FAE04EC0-301F-11D3-BF4B-00C04F79EFBC}") = "Model", "Model\Model.csproj", "{CBC15D76-11D2-42B0-BC2B-524176B32431}"
EndProject
Project("{FAE04EC0-301F-11D3-BF4B-00C04F79EFBC}") = "View", "View\View.csproj", "{46D2A1C5-9304-41A1-9C9D-12F2B17B31A3}"
EndProject
Project("{FAE04EC0-301F-11D3-BF4B-00C04F79EFBC}") = "AutomatedTesting", "AutomatedTesting\AutomatedTesting.csproj", "{8ACEE487-5609-4BEB-912D-F28432198B7A}"
EndProject
Project("{FAE04EC0-301F-11D3-BF4B-00C04F79EFBC}") = "WPFSample", "WPF\WPFSample.csproj", "{B525C5CE-4934-4018-9CB2-20D3861DB9E3}"
EndProject
Global
	GlobalSection(SolutionConfigurationPlatforms) = preSolution
		Debug|Any CPU = Debug|Any CPU
		Release|Any CPU = Release|Any CPU
	EndGlobalSection
	GlobalSection(ProjectConfigurationPlatforms) = postSolution
		{2330344D-31B2-4D6F-AA9F-AED0F7EAE3BE}.Debug|Any CPU.ActiveCfg = Debug|Any CPU
		{2330344D-31B2-4D6F-AA9F-AED0F7EAE3BE}.Debug|Any CPU.Build.0 = Debug|Any CPU
		{2330344D-31B2-4D6F-AA9F-AED0F7EAE3BE}.Release|Any CPU.ActiveCfg = Release|Any CPU
		{2330344D-31B2-4D6F-AA9F-AED0F7EAE3BE}.Release|Any CPU.Build.0 = Release|Any CPU
		{47E08D8B-EF43-4DF8-BC1D-1DEB06E55E93}.Debug|Any CPU.ActiveCfg = Debug|Any CPU
		{47E08D8B-EF43-4DF8-BC1D-1DEB06E55E93}.Debug|Any CPU.Build.0 = Debug|Any CPU
		{47E08D8B-EF43-4DF8-BC1D-1DEB06E55E93}.Release|Any CPU.ActiveCfg = Release|Any CPU
		{47E08D8B-EF43-4DF8-BC1D-1DEB06E55E93}.Release|Any CPU.Build.0 = Release|Any CPU
		{CBC15D76-11D2-42B0-BC2B-524176B32431}.Debug|Any CPU.ActiveCfg = Debug|Any CPU
		{CBC15D76-11D2-42B0-BC2B-524176B32431}.Debug|Any CPU.Build.0 = Debug|Any CPU
		{CBC15D76-11D2-42B0-BC2B-524176B32431}.Release|Any CPU.ActiveCfg = Release|Any CPU
		{CBC15D76-11D2-42B0-BC2B-524176B32431}.Release|Any CPU.Build.0 = Release|Any CPU
		{46D2A1C5-9304-41A1-9C9D-12F2B17B31A3}.Debug|Any CPU.ActiveCfg = Debug|Any CPU
		{46D2A1C5-9304-41A1-9C9D-12F2B17B31A3}.Debug|Any CPU.Build.0 = Debug|Any CPU
		{46D2A1C5-9304-41A1-9C9D-12F2B17B31A3}.Release|Any CPU.ActiveCfg = Release|Any CPU
		{46D2A1C5-9304-41A1-9C9D-12F2B17B31A3}.Release|Any CPU.Build.0 = Release|Any CPU
		{8ACEE487-5609-4BEB-912D-F28432198B7A}.Debug|Any CPU.ActiveCfg = Debug|Any CPU
		{8ACEE487-5609-4BEB-912D-F28432198B7A}.Debug|Any CPU.Build.0 = Debug|Any CPU
		{8ACEE487-5609-4BEB-912D-F28432198B7A}.Release|Any CPU.ActiveCfg = Release|Any CPU
		{8ACEE487-5609-4BEB-912D-F28432198B7A}.Release|Any CPU.Build.0 = Release|Any CPU
		{B525C5CE-4934-4018-9CB2-20D3861DB9E3}.Debug|Any CPU.ActiveCfg = Debug|Any CPU
		{B525C5CE-4934-4018-9CB2-20D3861DB9E3}.Debug|Any CPU.Build.0 = Debug|Any CPU
		{B525C5CE-4934-4018-9CB2-20D3861DB9E3}.Release|Any CPU.ActiveCfg = Release|Any CPU
		{B525C5CE-4934-4018-9CB2-20D3861DB9E3}.Release|Any CPU.Build.0 = Release|Any CPU
	EndGlobalSection
	GlobalSection(SolutionProperties) = preSolution
		HideSolutionNode = FALSE
	EndGlobalSection
	GlobalSection(ExtensibilityGlobals) = postSolution
		SolutionGuid = {EA1C7979-80EB-4A90-AA43-371969505371}
	EndGlobalSection
EndGlobal
